// !$*UTF8*$!
{
	archiveVersion = 1;
	classes = {
	};
	objectVersion = 46;
	objects = {

/* Begin PBXBuildFile section */
		50E5A57C16C9FE8A00D21111 /* UIKit.framework in Frameworks */ = {isa = PBXBuildFile; fileRef = 50E5A57B16C9FE8A00D21111 /* UIKit.framework */; };
		50E5A57E16C9FE8A00D21111 /* Foundation.framework in Frameworks */ = {isa = PBXBuildFile; fileRef = 50E5A57D16C9FE8A00D21111 /* Foundation.framework */; };
		50E5A58016C9FE8A00D21111 /* CoreGraphics.framework in Frameworks */ = {isa = PBXBuildFile; fileRef = 50E5A57F16C9FE8A00D21111 /* CoreGraphics.framework */; };
		50E5A58616C9FE8A00D21111 /* InfoPlist.strings in Resources */ = {isa = PBXBuildFile; fileRef = 50E5A58416C9FE8A00D21111 /* InfoPlist.strings */; };
		50E5A58816C9FE8A00D21111 /* main.m in Sources */ = {isa = PBXBuildFile; fileRef = 50E5A58716C9FE8A00D21111 /* main.m */; };
		50E5A58C16C9FE8A00D21111 /* D3AppDelegate.m in Sources */ = {isa = PBXBuildFile; fileRef = 50E5A58B16C9FE8A00D21111 /* D3AppDelegate.m */; };
		50E5A58E16C9FE8A00D21111 /* Default.png in Resources */ = {isa = PBXBuildFile; fileRef = 50E5A58D16C9FE8A00D21111 /* Default.png */; };
		50E5A59016C9FE8A00D21111 /* Default@2x.png in Resources */ = {isa = PBXBuildFile; fileRef = 50E5A58F16C9FE8A00D21111 /* Default@2x.png */; };
		50E5A59216C9FE8A00D21111 /* Default-568h@2x.png in Resources */ = {isa = PBXBuildFile; fileRef = 50E5A59116C9FE8A00D21111 /* Default-568h@2x.png */; };
		50E5A59516C9FE8A00D21111 /* D3ViewController.m in Sources */ = {isa = PBXBuildFile; fileRef = 50E5A59416C9FE8A00D21111 /* D3ViewController.m */; };
		50E5A59816C9FE8A00D21111 /* D3ViewController.xib in Resources */ = {isa = PBXBuildFile; fileRef = 50E5A59616C9FE8A00D21111 /* D3ViewController.xib */; };
		50E5A59F16C9FECD00D21111 /* libsqlite3.dylib in Frameworks */ = {isa = PBXBuildFile; fileRef = 50E5A59E16C9FECD00D21111 /* libsqlite3.dylib */; };
		50E5A5A216C9FEF500D21111 /* D3Object.m in Sources */ = {isa = PBXBuildFile; fileRef = 50E5A5A116C9FEF500D21111 /* D3Object.m */; };
		50E5A5A516C9FFB200D21111 /* D3Career.m in Sources */ = {isa = PBXBuildFile; fileRef = 50E5A5A416C9FFB200D21111 /* D3Career.m */; };
		50E5A5A816C9FFC700D21111 /* D3Hero.m in Sources */ = {isa = PBXBuildFile; fileRef = 50E5A5A716C9FFC700D21111 /* D3Hero.m */; };
		50E5A5AB16C9FFEA00D21111 /* D3Item.m in Sources */ = {isa = PBXBuildFile; fileRef = 50E5A5AA16C9FFE900D21111 /* D3Item.m */; };
		50E5A5AE16C9FFF600D21111 /* D3Follower.m in Sources */ = {isa = PBXBuildFile; fileRef = 50E5A5AD16C9FFF600D21111 /* D3Follower.m */; };
		50E5A5B116CA000200D21111 /* D3Artisan.m in Sources */ = {isa = PBXBuildFile; fileRef = 50E5A5B016CA000200D21111 /* D3Artisan.m */; };
/* End PBXBuildFile section */

/* Begin PBXFileReference section */
		50E5A57816C9FE8A00D21111 /* D3-api-ios.app */ = {isa = PBXFileReference; explicitFileType = wrapper.application; includeInIndex = 0; path = "D3-api-ios.app"; sourceTree = BUILT_PRODUCTS_DIR; };
		50E5A57B16C9FE8A00D21111 /* UIKit.framework */ = {isa = PBXFileReference; lastKnownFileType = wrapper.framework; name = UIKit.framework; path = System/Library/Frameworks/UIKit.framework; sourceTree = SDKROOT; };
		50E5A57D16C9FE8A00D21111 /* Foundation.framework */ = {isa = PBXFileReference; lastKnownFileType = wrapper.framework; name = Foundation.framework; path = System/Library/Frameworks/Foundation.framework; sourceTree = SDKROOT; };
		50E5A57F16C9FE8A00D21111 /* CoreGraphics.framework */ = {isa = PBXFileReference; lastKnownFileType = wrapper.framework; name = CoreGraphics.framework; path = System/Library/Frameworks/CoreGraphics.framework; sourceTree = SDKROOT; };
		50E5A58316C9FE8A00D21111 /* D3-api-ios-Info.plist */ = {isa = PBXFileReference; lastKnownFileType = text.plist.xml; path = "D3-api-ios-Info.plist"; sourceTree = "<group>"; };
		50E5A58516C9FE8A00D21111 /* en */ = {isa = PBXFileReference; lastKnownFileType = text.plist.strings; name = en; path = en.lproj/InfoPlist.strings; sourceTree = "<group>"; };
		50E5A58716C9FE8A00D21111 /* main.m */ = {isa = PBXFileReference; lastKnownFileType = sourcecode.c.objc; path = main.m; sourceTree = "<group>"; };
		50E5A58916C9FE8A00D21111 /* D3-api-ios-Prefix.pch */ = {isa = PBXFileReference; lastKnownFileType = sourcecode.c.h; path = "D3-api-ios-Prefix.pch"; sourceTree = "<group>"; };
		50E5A58A16C9FE8A00D21111 /* D3AppDelegate.h */ = {isa = PBXFileReference; lastKnownFileType = sourcecode.c.h; path = D3AppDelegate.h; sourceTree = "<group>"; };
		50E5A58B16C9FE8A00D21111 /* D3AppDelegate.m */ = {isa = PBXFileReference; lastKnownFileType = sourcecode.c.objc; path = D3AppDelegate.m; sourceTree = "<group>"; };
		50E5A58D16C9FE8A00D21111 /* Default.png */ = {isa = PBXFileReference; lastKnownFileType = image.png; path = Default.png; sourceTree = "<group>"; };
		50E5A58F16C9FE8A00D21111 /* Default@2x.png */ = {isa = PBXFileReference; lastKnownFileType = image.png; path = "Default@2x.png"; sourceTree = "<group>"; };
		50E5A59116C9FE8A00D21111 /* Default-568h@2x.png */ = {isa = PBXFileReference; lastKnownFileType = image.png; path = "Default-568h@2x.png"; sourceTree = "<group>"; };
		50E5A59316C9FE8A00D21111 /* D3ViewController.h */ = {isa = PBXFileReference; lastKnownFileType = sourcecode.c.h; path = D3ViewController.h; sourceTree = "<group>"; };
		50E5A59416C9FE8A00D21111 /* D3ViewController.m */ = {isa = PBXFileReference; lastKnownFileType = sourcecode.c.objc; path = D3ViewController.m; sourceTree = "<group>"; };
		50E5A59716C9FE8A00D21111 /* en */ = {isa = PBXFileReference; lastKnownFileType = file.xib; name = en; path = en.lproj/D3ViewController.xib; sourceTree = "<group>"; };
		50E5A59E16C9FECD00D21111 /* libsqlite3.dylib */ = {isa = PBXFileReference; lastKnownFileType = "compiled.mach-o.dylib"; name = libsqlite3.dylib; path = usr/lib/libsqlite3.dylib; sourceTree = SDKROOT; };
		50E5A5A016C9FEF500D21111 /* D3Object.h */ = {isa = PBXFileReference; fileEncoding = 4; lastKnownFileType = sourcecode.c.h; path = D3Object.h; sourceTree = "<group>"; };
		50E5A5A116C9FEF500D21111 /* D3Object.m */ = {isa = PBXFileReference; fileEncoding = 4; lastKnownFileType = sourcecode.c.objc; path = D3Object.m; sourceTree = "<group>"; };
		50E5A5A316C9FFB200D21111 /* D3Career.h */ = {isa = PBXFileReference; fileEncoding = 4; lastKnownFileType = sourcecode.c.h; path = D3Career.h; sourceTree = "<group>"; };
		50E5A5A416C9FFB200D21111 /* D3Career.m */ = {isa = PBXFileReference; fileEncoding = 4; lastKnownFileType = sourcecode.c.objc; path = D3Career.m; sourceTree = "<group>"; };
		50E5A5A616C9FFC700D21111 /* D3Hero.h */ = {isa = PBXFileReference; fileEncoding = 4; lastKnownFileType = sourcecode.c.h; path = D3Hero.h; sourceTree = "<group>"; };
		50E5A5A716C9FFC700D21111 /* D3Hero.m */ = {isa = PBXFileReference; fileEncoding = 4; lastKnownFileType = sourcecode.c.objc; path = D3Hero.m; sourceTree = "<group>"; };
		50E5A5A916C9FFE900D21111 /* D3Item.h */ = {isa = PBXFileReference; fileEncoding = 4; lastKnownFileType = sourcecode.c.h; path = D3Item.h; sourceTree = "<group>"; };
		50E5A5AA16C9FFE900D21111 /* D3Item.m */ = {isa = PBXFileReference; fileEncoding = 4; lastKnownFileType = sourcecode.c.objc; path = D3Item.m; sourceTree = "<group>"; };
		50E5A5AC16C9FFF600D21111 /* D3Follower.h */ = {isa = PBXFileReference; fileEncoding = 4; lastKnownFileType = sourcecode.c.h; path = D3Follower.h; sourceTree = "<group>"; };
		50E5A5AD16C9FFF600D21111 /* D3Follower.m */ = {isa = PBXFileReference; fileEncoding = 4; lastKnownFileType = sourcecode.c.objc; path = D3Follower.m; sourceTree = "<group>"; };
		50E5A5AF16CA000200D21111 /* D3Artisan.h */ = {isa = PBXFileReference; fileEncoding = 4; lastKnownFileType = sourcecode.c.h; path = D3Artisan.h; sourceTree = "<group>"; };
		50E5A5B016CA000200D21111 /* D3Artisan.m */ = {isa = PBXFileReference; fileEncoding = 4; lastKnownFileType = sourcecode.c.objc; path = D3Artisan.m; sourceTree = "<group>"; };
/* End PBXFileReference section */

/* Begin PBXFrameworksBuildPhase section */
		50E5A57516C9FE8A00D21111 /* Frameworks */ = {
			isa = PBXFrameworksBuildPhase;
			buildActionMask = 2147483647;
			files = (
				50E5A59F16C9FECD00D21111 /* libsqlite3.dylib in Frameworks */,
				50E5A57C16C9FE8A00D21111 /* UIKit.framework in Frameworks */,
				50E5A57E16C9FE8A00D21111 /* Foundation.framework in Frameworks */,
				50E5A58016C9FE8A00D21111 /* CoreGraphics.framework in Frameworks */,
			);
			runOnlyForDeploymentPostprocessing = 0;
		};
/* End PBXFrameworksBuildPhase section */

/* Begin PBXGroup section */
		50E5A56F16C9FE8A00D21111 = {
			isa = PBXGroup;
			children = (
				50E5A58116C9FE8A00D21111 /* D3-api-ios */,
				50E5A57A16C9FE8A00D21111 /* Frameworks */,
				50E5A57916C9FE8A00D21111 /* Products */,
			);
			sourceTree = "<group>";
		};
		50E5A57916C9FE8A00D21111 /* Products */ = {
			isa = PBXGroup;
			children = (
				50E5A57816C9FE8A00D21111 /* D3-api-ios.app */,
			);
			name = Products;
			sourceTree = "<group>";
		};
		50E5A57A16C9FE8A00D21111 /* Frameworks */ = {
			isa = PBXGroup;
			children = (
				50E5A59E16C9FECD00D21111 /* libsqlite3.dylib */,
				50E5A57B16C9FE8A00D21111 /* UIKit.framework */,
				50E5A57D16C9FE8A00D21111 /* Foundation.framework */,
				50E5A57F16C9FE8A00D21111 /* CoreGraphics.framework */,
			);
			name = Frameworks;
			sourceTree = "<group>";
		};
		50E5A58116C9FE8A00D21111 /* D3-api-ios */ = {
			isa = PBXGroup;
			children = (
				50E5A5B216CA000A00D21111 /* api-classes */,
				50E5A5B316CA004E00D21111 /* app-classes */,
				50E5A58216C9FE8A00D21111 /* Supporting Files */,
			);
			path = "D3-api-ios";
			sourceTree = "<group>";
		};
		50E5A58216C9FE8A00D21111 /* Supporting Files */ = {
			isa = PBXGroup;
			children = (
				50E5A58316C9FE8A00D21111 /* D3-api-ios-Info.plist */,
				50E5A58416C9FE8A00D21111 /* InfoPlist.strings */,
				50E5A58716C9FE8A00D21111 /* main.m */,
				50E5A58916C9FE8A00D21111 /* D3-api-ios-Prefix.pch */,
				50E5A58D16C9FE8A00D21111 /* Default.png */,
				50E5A58F16C9FE8A00D21111 /* Default@2x.png */,
				50E5A59116C9FE8A00D21111 /* Default-568h@2x.png */,
			);
			name = "Supporting Files";
			sourceTree = "<group>";
		};
		50E5A5B216CA000A00D21111 /* api-classes */ = {
			isa = PBXGroup;
			children = (
				50E5A5A016C9FEF500D21111 /* D3Object.h */,
				50E5A5A116C9FEF500D21111 /* D3Object.m */,
				50E5A5A316C9FFB200D21111 /* D3Career.h */,
				50E5A5A416C9FFB200D21111 /* D3Career.m */,
				50E5A5A616C9FFC700D21111 /* D3Hero.h */,
				50E5A5A716C9FFC700D21111 /* D3Hero.m */,
				50E5A5A916C9FFE900D21111 /* D3Item.h */,
				50E5A5AA16C9FFE900D21111 /* D3Item.m */,
				50E5A5AC16C9FFF600D21111 /* D3Follower.h */,
				50E5A5AD16C9FFF600D21111 /* D3Follower.m */,
				50E5A5AF16CA000200D21111 /* D3Artisan.h */,
				50E5A5B016CA000200D21111 /* D3Artisan.m */,
			);
			name = "api-classes";
			sourceTree = "<group>";
		};
		50E5A5B316CA004E00D21111 /* app-classes */ = {
			isa = PBXGroup;
			children = (
				50E5A58A16C9FE8A00D21111 /* D3AppDelegate.h */,
				50E5A58B16C9FE8A00D21111 /* D3AppDelegate.m */,
				50E5A59316C9FE8A00D21111 /* D3ViewController.h */,
				50E5A59416C9FE8A00D21111 /* D3ViewController.m */,
				50E5A59616C9FE8A00D21111 /* D3ViewController.xib */,
			);
			name = "app-classes";
			sourceTree = "<group>";
		};
/* End PBXGroup section */

/* Begin PBXNativeTarget section */
		50E5A57716C9FE8A00D21111 /* D3-api-ios */ = {
			isa = PBXNativeTarget;
			buildConfigurationList = 50E5A59B16C9FE8A00D21111 /* Build configuration list for PBXNativeTarget "D3-api-ios" */;
			buildPhases = (
				50E5A57416C9FE8A00D21111 /* Sources */,
				50E5A57516C9FE8A00D21111 /* Frameworks */,
				50E5A57616C9FE8A00D21111 /* Resources */,
			);
			buildRules = (
			);
			dependencies = (
			);
			name = "D3-api-ios";
			productName = "D3-api-ios";
			productReference = 50E5A57816C9FE8A00D21111 /* D3-api-ios.app */;
			productType = "com.apple.product-type.application";
		};
/* End PBXNativeTarget section */

/* Begin PBXProject section */
		50E5A57016C9FE8A00D21111 /* Project object */ = {
			isa = PBXProject;
			attributes = {
				CLASSPREFIX = D3;
				LastUpgradeCheck = 0460;
				ORGANIZATIONNAME = "Maxim Mikheev";
			};
			buildConfigurationList = 50E5A57316C9FE8A00D21111 /* Build configuration list for PBXProject "D3-api-ios" */;
			compatibilityVersion = "Xcode 3.2";
			developmentRegion = English;
			hasScannedForEncodings = 0;
			knownRegions = (
				en,
			);
			mainGroup = 50E5A56F16C9FE8A00D21111;
			productRefGroup = 50E5A57916C9FE8A00D21111 /* Products */;
			projectDirPath = "";
			projectRoot = "";
			targets = (
				50E5A57716C9FE8A00D21111 /* D3-api-ios */,
			);
		};
/* End PBXProject section */

/* Begin PBXResourcesBuildPhase section */
		50E5A57616C9FE8A00D21111 /* Resources */ = {
			isa = PBXResourcesBuildPhase;
			buildActionMask = 2147483647;
			files = (
				50E5A58616C9FE8A00D21111 /* InfoPlist.strings in Resources */,
				50E5A58E16C9FE8A00D21111 /* Default.png in Resources */,
				50E5A59016C9FE8A00D21111 /* Default@2x.png in Resources */,
				50E5A59216C9FE8A00D21111 /* Default-568h@2x.png in Resources */,
				50E5A59816C9FE8A00D21111 /* D3ViewController.xib in Resources */,
			);
			runOnlyForDeploymentPostprocessing = 0;
		};
/* End PBXResourcesBuildPhase section */

/* Begin PBXSourcesBuildPhase section */
		50E5A57416C9FE8A00D21111 /* Sources */ = {
			isa = PBXSourcesBuildPhase;
			buildActionMask = 2147483647;
			files = (
				50E5A58816C9FE8A00D21111 /* main.m in Sources */,
				50E5A58C16C9FE8A00D21111 /* D3AppDelegate.m in Sources */,
				50E5A59516C9FE8A00D21111 /* D3ViewController.m in Sources */,
				50E5A5A216C9FEF500D21111 /* D3Object.m in Sources */,
				50E5A5A516C9FFB200D21111 /* D3Career.m in Sources */,
				50E5A5A816C9FFC700D21111 /* D3Hero.m in Sources */,
				50E5A5AB16C9FFEA00D21111 /* D3Item.m in Sources */,
				50E5A5AE16C9FFF600D21111 /* D3Follower.m in Sources */,
				50E5A5B116CA000200D21111 /* D3Artisan.m in Sources */,
			);
			runOnlyForDeploymentPostprocessing = 0;
		};
/* End PBXSourcesBuildPhase section */

/* Begin PBXVariantGroup section */
		50E5A58416C9FE8A00D21111 /* InfoPlist.strings */ = {
			isa = PBXVariantGroup;
			children = (
				50E5A58516C9FE8A00D21111 /* en */,
			);
			name = InfoPlist.strings;
			sourceTree = "<group>";
		};
		50E5A59616C9FE8A00D21111 /* D3ViewController.xib */ = {
			isa = PBXVariantGroup;
			children = (
				50E5A59716C9FE8A00D21111 /* en */,
			);
			name = D3ViewController.xib;
			sourceTree = "<group>";
		};
/* End PBXVariantGroup section */

/* Begin XCBuildConfiguration section */
		50E5A59916C9FE8A00D21111 /* Debug */ = {
			isa = XCBuildConfiguration;
			buildSettings = {
				ALWAYS_SEARCH_USER_PATHS = NO;
				CLANG_CXX_LANGUAGE_STANDARD = "gnu++0x";
				CLANG_CXX_LIBRARY = "libc++";
				CLANG_ENABLE_OBJC_ARC = YES;
				CLANG_WARN_CONSTANT_CONVERSION = YES;
				CLANG_WARN_EMPTY_BODY = YES;
				CLANG_WARN_ENUM_CONVERSION = YES;
				CLANG_WARN_INT_CONVERSION = YES;
				CLANG_WARN__DUPLICATE_METHOD_MATCH = YES;
				"CODE_SIGN_IDENTITY[sdk=iphoneos*]" = "iPhone Developer";
				COPY_PHASE_STRIP = NO;
				GCC_C_LANGUAGE_STANDARD = gnu99;
				GCC_DYNAMIC_NO_PIC = NO;
				GCC_OPTIMIZATION_LEVEL = 0;
				GCC_PREPROCESSOR_DEFINITIONS = (
					"DEBUG=1",
					"$(inherited)",
				);
				GCC_SYMBOLS_PRIVATE_EXTERN = NO;
				GCC_WARN_ABOUT_RETURN_TYPE = YES;
				GCC_WARN_UNINITIALIZED_AUTOS = YES;
				GCC_WARN_UNUSED_VARIABLE = YES;
				IPHONEOS_DEPLOYMENT_TARGET = 5.0;
				ONLY_ACTIVE_ARCH = YES;
				SDKROOT = iphoneos;
				TARGETED_DEVICE_FAMILY = 2;
			};
			name = Debug;
		};
		50E5A59A16C9FE8A00D21111 /* Release */ = {
			isa = XCBuildConfiguration;
			buildSettings = {
				ALWAYS_SEARCH_USER_PATHS = NO;
				CLANG_CXX_LANGUAGE_STANDARD = "gnu++0x";
				CLANG_CXX_LIBRARY = "libc++";
				CLANG_ENABLE_OBJC_ARC = YES;
				CLANG_WARN_CONSTANT_CONVERSION = YES;
				CLANG_WARN_EMPTY_BODY = YES;
				CLANG_WARN_ENUM_CONVERSION = YES;
				CLANG_WARN_INT_CONVERSION = YES;
				CLANG_WARN__DUPLICATE_METHOD_MATCH = YES;
				"CODE_SIGN_IDENTITY[sdk=iphoneos*]" = "iPhone Developer";
				COPY_PHASE_STRIP = YES;
				GCC_C_LANGUAGE_STANDARD = gnu99;
				GCC_WARN_ABOUT_RETURN_TYPE = YES;
				GCC_WARN_UNINITIALIZED_AUTOS = YES;
				GCC_WARN_UNUSED_VARIABLE = YES;
				IPHONEOS_DEPLOYMENT_TARGET = 5.0;
				OTHER_CFLAGS = "-DNS_BLOCK_ASSERTIONS=1";
				SDKROOT = iphoneos;
				TARGETED_DEVICE_FAMILY = 2;
				VALIDATE_PRODUCT = YES;
			};
			name = Release;
		};
		50E5A59C16C9FE8A00D21111 /* Debug */ = {
			isa = XCBuildConfiguration;
			buildSettings = {
				GCC_PRECOMPILE_PREFIX_HEADER = YES;
				GCC_PREFIX_HEADER = "D3-api-ios/D3-api-ios-Prefix.pch";
				INFOPLIST_FILE = "D3-api-ios/D3-api-ios-Info.plist";
				PRODUCT_NAME = "$(TARGET_NAME)";
				WRAPPER_EXTENSION = app;
			};
			name = Debug;
		};
		50E5A59D16C9FE8A00D21111 /* Release */ = {
			isa = XCBuildConfiguration;
			buildSettings = {
				GCC_PRECOMPILE_PREFIX_HEADER = YES;
				GCC_PREFIX_HEADER = "D3-api-ios/D3-api-ios-Prefix.pch";
				INFOPLIST_FILE = "D3-api-ios/D3-api-ios-Info.plist";
				PRODUCT_NAME = "$(TARGET_NAME)";
				WRAPPER_EXTENSION = app;
			};
			name = Release;
		};
/* End XCBuildConfiguration section */

/* Begin XCConfigurationList section */
		50E5A57316C9FE8A00D21111 /* Build configuration list for PBXProject "D3-api-ios" */ = {
			isa = XCConfigurationList;
			buildConfigurations = (
				50E5A59916C9FE8A00D21111 /* Debug */,
				50E5A59A16C9FE8A00D21111 /* Release */,
			);
			defaultConfigurationIsVisible = 0;
			defaultConfigurationName = Release;
		};
		50E5A59B16C9FE8A00D21111 /* Build configuration list for PBXNativeTarget "D3-api-ios" */ = {
			isa = XCConfigurationList;
			buildConfigurations = (
				50E5A59C16C9FE8A00D21111 /* Debug */,
				50E5A59D16C9FE8A00D21111 /* Release */,
			);
			defaultConfigurationIsVisible = 0;
		};
/* End XCConfigurationList section */
	};
	rootObject = 50E5A57016C9FE8A00D21111 /* Project object */;
}
